
Microsoft Visual Studio Solution File, Format Version 12.00
# Visual Studio Version 17
VisualStudioVersion = 17.2.32526.322
MinimumVisualStudioVersion = 10.0.40219.1
Project("{FAE04EC0-301F-11D3-BF4B-00C04F79EFBC}") = "HW1-Tougher-Task-3", "HW1-Tougher-Task-3\HW1-Tougher-Task-3.csproj", "{E8438713-4393-4CE1-BF5B-B35AB2775384}"
EndProject
Global
	GlobalSection(SolutionConfigurationPlatforms) = preSolution
		Debug|Any CPU = Debug|Any CPU
		Release|Any CPU = Release|Any CPU
	EndGlobalSection
	GlobalSection(ProjectConfigurationPlatforms) = postSolution
		{E8438713-4393-4CE1-BF5B-B35AB2775384}.Debug|Any CPU.ActiveCfg = Debug|Any CPU
		{E8438713-4393-4CE1-BF5B-B35AB2775384}.Debug|Any CPU.Build.0 = Debug|Any CPU
		{E8438713-4393-4CE1-BF5B-B35AB2775384}.Release|Any CPU.ActiveCfg = Release|Any CPU
		{E8438713-4393-4CE1-BF5B-B35AB2775384}.Release|Any CPU.Build.0 = Release|Any CPU
	EndGlobalSection
	GlobalSection(SolutionProperties) = preSolution
		HideSolutionNode = FALSE
	EndGlobalSection
	GlobalSection(ExtensibilityGlobals) = postSolution
		SolutionGuid = {611997F3-48E7-4615-95AE-7BB46A230305}
	EndGlobalSection
EndGlobal
